// !$*UTF8*$!
{
	archiveVersion = 1;
	classes = {
	};
	objectVersion = 50;
	objects = {

/* Begin PBXBuildFile section */
		CD4DE5D62597737900E4ECF5 /* AppDelegate.swift in Sources */ = {isa = PBXBuildFile; fileRef = CD4DE5D52597737900E4ECF5 /* AppDelegate.swift */; };
		CD4DE5D82597737900E4ECF5 /* SceneDelegate.swift in Sources */ = {isa = PBXBuildFile; fileRef = CD4DE5D72597737900E4ECF5 /* SceneDelegate.swift */; };
		CD4DE5DA2597737900E4ECF5 /* ViewController.swift in Sources */ = {isa = PBXBuildFile; fileRef = CD4DE5D92597737900E4ECF5 /* ViewController.swift */; };
		CD4DE5DD2597737900E4ECF5 /* Main.storyboard in Resources */ = {isa = PBXBuildFile; fileRef = CD4DE5DB2597737900E4ECF5 /* Main.storyboard */; };
		CD4DE5DF2597737C00E4ECF5 /* Assets.xcassets in Resources */ = {isa = PBXBuildFile; fileRef = CD4DE5DE2597737C00E4ECF5 /* Assets.xcassets */; };
		CD4DE5E22597737C00E4ECF5 /* LaunchScreen.storyboard in Resources */ = {isa = PBXBuildFile; fileRef = CD4DE5E02597737C00E4ECF5 /* LaunchScreen.storyboard */; };
		CD4DE5ED2597737D00E4ECF5 /* FloatButtonTests.swift in Sources */ = {isa = PBXBuildFile; fileRef = CD4DE5EC2597737D00E4ECF5 /* FloatButtonTests.swift */; };
		CD4DE5F82597737D00E4ECF5 /* FloatButtonUITests.swift in Sources */ = {isa = PBXBuildFile; fileRef = CD4DE5F72597737D00E4ECF5 /* FloatButtonUITests.swift */; };
		CD4DE6272597932100E4ECF5 /* FloatingActionButtonExampleController.swift in Sources */ = {isa = PBXBuildFile; fileRef = CD4DE6262597932100E4ECF5 /* FloatingActionButtonExampleController.swift */; };
		CD4DE63B259837CC00E4ECF5 /* FABCircleExpandExampleController.swift in Sources */ = {isa = PBXBuildFile; fileRef = CD4DE63A259837CC00E4ECF5 /* FABCircleExpandExampleController.swift */; };
		CD4DE644259838C600E4ECF5 /* Extensions.swift in Sources */ = {isa = PBXBuildFile; fileRef = CD4DE643259838C600E4ECF5 /* Extensions.swift */; };
/* End PBXBuildFile section */

/* Begin PBXContainerItemProxy section */
		CD4DE5E92597737D00E4ECF5 /* PBXContainerItemProxy */ = {
			isa = PBXContainerItemProxy;
			containerPortal = CD4DE5CA2597737900E4ECF5 /* Project object */;
			proxyType = 1;
			remoteGlobalIDString = CD4DE5D12597737900E4ECF5;
			remoteInfo = FloatButton;
		};
		CD4DE5F42597737D00E4ECF5 /* PBXContainerItemProxy */ = {
			isa = PBXContainerItemProxy;
			containerPortal = CD4DE5CA2597737900E4ECF5 /* Project object */;
			proxyType = 1;
			remoteGlobalIDString = CD4DE5D12597737900E4ECF5;
			remoteInfo = FloatButton;
		};
/* End PBXContainerItemProxy section */

/* Begin PBXFileReference section */
		CD4DE5D22597737900E4ECF5 /* FloatButton.app */ = {isa = PBXFileReference; explicitFileType = wrapper.application; includeInIndex = 0; path = FloatButton.app; sourceTree = BUILT_PRODUCTS_DIR; };
		CD4DE5D52597737900E4ECF5 /* AppDelegate.swift */ = {isa = PBXFileReference; lastKnownFileType = sourcecode.swift; path = AppDelegate.swift; sourceTree = "<group>"; };
		CD4DE5D72597737900E4ECF5 /* SceneDelegate.swift */ = {isa = PBXFileReference; lastKnownFileType = sourcecode.swift; path = SceneDelegate.swift; sourceTree = "<group>"; };
		CD4DE5D92597737900E4ECF5 /* ViewController.swift */ = {isa = PBXFileReference; lastKnownFileType = sourcecode.swift; path = ViewController.swift; sourceTree = "<group>"; };
		CD4DE5DC2597737900E4ECF5 /* Base */ = {isa = PBXFileReference; lastKnownFileType = file.storyboard; name = Base; path = Base.lproj/Main.storyboard; sourceTree = "<group>"; };
		CD4DE5DE2597737C00E4ECF5 /* Assets.xcassets */ = {isa = PBXFileReference; lastKnownFileType = folder.assetcatalog; path = Assets.xcassets; sourceTree = "<group>"; };
		CD4DE5E12597737C00E4ECF5 /* Base */ = {isa = PBXFileReference; lastKnownFileType = file.storyboard; name = Base; path = Base.lproj/LaunchScreen.storyboard; sourceTree = "<group>"; };
		CD4DE5E32597737C00E4ECF5 /* Info.plist */ = {isa = PBXFileReference; lastKnownFileType = text.plist.xml; path = Info.plist; sourceTree = "<group>"; };
		CD4DE5E82597737D00E4ECF5 /* FloatButtonTests.xctest */ = {isa = PBXFileReference; explicitFileType = wrapper.cfbundle; includeInIndex = 0; path = FloatButtonTests.xctest; sourceTree = BUILT_PRODUCTS_DIR; };
		CD4DE5EC2597737D00E4ECF5 /* FloatButtonTests.swift */ = {isa = PBXFileReference; lastKnownFileType = sourcecode.swift; path = FloatButtonTests.swift; sourceTree = "<group>"; };
		CD4DE5EE2597737D00E4ECF5 /* Info.plist */ = {isa = PBXFileReference; lastKnownFileType = text.plist.xml; path = Info.plist; sourceTree = "<group>"; };
		CD4DE5F32597737D00E4ECF5 /* FloatButtonUITests.xctest */ = {isa = PBXFileReference; explicitFileType = wrapper.cfbundle; includeInIndex = 0; path = FloatButtonUITests.xctest; sourceTree = BUILT_PRODUCTS_DIR; };
		CD4DE5F72597737D00E4ECF5 /* FloatButtonUITests.swift */ = {isa = PBXFileReference; lastKnownFileType = sourcecode.swift; path = FloatButtonUITests.swift; sourceTree = "<group>"; };
		CD4DE5F92597737D00E4ECF5 /* Info.plist */ = {isa = PBXFileReference; lastKnownFileType = text.plist.xml; path = Info.plist; sourceTree = "<group>"; };
		CD4DE6262597932100E4ECF5 /* FloatingActionButtonExampleController.swift */ = {isa = PBXFileReference; lastKnownFileType = sourcecode.swift; path = FloatingActionButtonExampleController.swift; sourceTree = "<group>"; };
		CD4DE63A259837CC00E4ECF5 /* FABCircleExpandExampleController.swift */ = {isa = PBXFileReference; lastKnownFileType = sourcecode.swift; path = FABCircleExpandExampleController.swift; sourceTree = "<group>"; };
		CD4DE643259838C600E4ECF5 /* Extensions.swift */ = {isa = PBXFileReference; lastKnownFileType = sourcecode.swift; path = Extensions.swift; sourceTree = "<group>"; };
/* End PBXFileReference section */

/* Begin PBXFrameworksBuildPhase section */
		CD4DE5CF2597737900E4ECF5 /* Frameworks */ = {
			isa = PBXFrameworksBuildPhase;
			buildActionMask = 2147483647;
			files = (
			);
			runOnlyForDeploymentPostprocessing = 0;
		};
		CD4DE5E52597737D00E4ECF5 /* Frameworks */ = {
			isa = PBXFrameworksBuildPhase;
			buildActionMask = 2147483647;
			files = (
			);
			runOnlyForDeploymentPostprocessing = 0;
		};
		CD4DE5F02597737D00E4ECF5 /* Frameworks */ = {
			isa = PBXFrameworksBuildPhase;
			buildActionMask = 2147483647;
			files = (
			);
			runOnlyForDeploymentPostprocessing = 0;
		};
/* End PBXFrameworksBuildPhase section */

/* Begin PBXGroup section */
		CD4DE5C92597737900E4ECF5 = {
			isa = PBXGroup;
			children = (
				CD4DE5D42597737900E4ECF5 /* FloatButton */,
				CD4DE5EB2597737D00E4ECF5 /* FloatButtonTests */,
				CD4DE5F62597737D00E4ECF5 /* FloatButtonUITests */,
				CD4DE5D32597737900E4ECF5 /* Products */,
			);
			sourceTree = "<group>";
		};
		CD4DE5D32597737900E4ECF5 /* Products */ = {
			isa = PBXGroup;
			children = (
				CD4DE5D22597737900E4ECF5 /* FloatButton.app */,
				CD4DE5E82597737D00E4ECF5 /* FloatButtonTests.xctest */,
				CD4DE5F32597737D00E4ECF5 /* FloatButtonUITests.xctest */,
			);
			name = Products;
			sourceTree = "<group>";
		};
		CD4DE5D42597737900E4ECF5 /* FloatButton */ = {
			isa = PBXGroup;
			children = (
				CD4DE642259838B700E4ECF5 /* Extensions */,
				CD4DE5D52597737900E4ECF5 /* AppDelegate.swift */,
				CD4DE5D72597737900E4ECF5 /* SceneDelegate.swift */,
				CD4DE5D92597737900E4ECF5 /* ViewController.swift */,
				CD4DE5DB2597737900E4ECF5 /* Main.storyboard */,
				CD4DE5DE2597737C00E4ECF5 /* Assets.xcassets */,
				CD4DE5E02597737C00E4ECF5 /* LaunchScreen.storyboard */,
				CD4DE5E32597737C00E4ECF5 /* Info.plist */,
				CD4DE6262597932100E4ECF5 /* FloatingActionButtonExampleController.swift */,
				CD4DE63A259837CC00E4ECF5 /* FABCircleExpandExampleController.swift */,
			);
			path = FloatButton;
			sourceTree = "<group>";
		};
		CD4DE5EB2597737D00E4ECF5 /* FloatButtonTests */ = {
			isa = PBXGroup;
			children = (
				CD4DE5EC2597737D00E4ECF5 /* FloatButtonTests.swift */,
				CD4DE5EE2597737D00E4ECF5 /* Info.plist */,
			);
			path = FloatButtonTests;
			sourceTree = "<group>";
		};
		CD4DE5F62597737D00E4ECF5 /* FloatButtonUITests */ = {
			isa = PBXGroup;
			children = (
				CD4DE5F72597737D00E4ECF5 /* FloatButtonUITests.swift */,
				CD4DE5F92597737D00E4ECF5 /* Info.plist */,
			);
			path = FloatButtonUITests;
			sourceTree = "<group>";
		};
		CD4DE642259838B700E4ECF5 /* Extensions */ = {
			isa = PBXGroup;
			children = (
				CD4DE643259838C600E4ECF5 /* Extensions.swift */,
			);
			path = Extensions;
			sourceTree = "<group>";
		};
/* End PBXGroup section */

/* Begin PBXNativeTarget section */
		CD4DE5D12597737900E4ECF5 /* FloatButton */ = {
			isa = PBXNativeTarget;
			buildConfigurationList = CD4DE5FC2597737D00E4ECF5 /* Build configuration list for PBXNativeTarget "FloatButton" */;
			buildPhases = (
				CD4DE5CE2597737900E4ECF5 /* Sources */,
				CD4DE5CF2597737900E4ECF5 /* Frameworks */,
				CD4DE5D02597737900E4ECF5 /* Resources */,
			);
			buildRules = (
			);
			dependencies = (
			);
			name = FloatButton;
			productName = FloatButton;
			productReference = CD4DE5D22597737900E4ECF5 /* FloatButton.app */;
			productType = "com.apple.product-type.application";
		};
		CD4DE5E72597737D00E4ECF5 /* FloatButtonTests */ = {
			isa = PBXNativeTarget;
			buildConfigurationList = CD4DE5FF2597737D00E4ECF5 /* Build configuration list for PBXNativeTarget "FloatButtonTests" */;
			buildPhases = (
				CD4DE5E42597737D00E4ECF5 /* Sources */,
				CD4DE5E52597737D00E4ECF5 /* Frameworks */,
				CD4DE5E62597737D00E4ECF5 /* Resources */,
			);
			buildRules = (
			);
			dependencies = (
				CD4DE5EA2597737D00E4ECF5 /* PBXTargetDependency */,
			);
			name = FloatButtonTests;
			productName = FloatButtonTests;
			productReference = CD4DE5E82597737D00E4ECF5 /* FloatButtonTests.xctest */;
			productType = "com.apple.product-type.bundle.unit-test";
		};
		CD4DE5F22597737D00E4ECF5 /* FloatButtonUITests */ = {
			isa = PBXNativeTarget;
			buildConfigurationList = CD4DE6022597737D00E4ECF5 /* Build configuration list for PBXNativeTarget "FloatButtonUITests" */;
			buildPhases = (
				CD4DE5EF2597737D00E4ECF5 /* Sources */,
				CD4DE5F02597737D00E4ECF5 /* Frameworks */,
				CD4DE5F12597737D00E4ECF5 /* Resources */,
			);
			buildRules = (
			);
			dependencies = (
				CD4DE5F52597737D00E4ECF5 /* PBXTargetDependency */,
			);
			name = FloatButtonUITests;
			productName = FloatButtonUITests;
			productReference = CD4DE5F32597737D00E4ECF5 /* FloatButtonUITests.xctest */;
			productType = "com.apple.product-type.bundle.ui-testing";
		};
/* End PBXNativeTarget section */

/* Begin PBXProject section */
		CD4DE5CA2597737900E4ECF5 /* Project object */ = {
			isa = PBXProject;
			attributes = {
				LastSwiftUpdateCheck = 1230;
				LastUpgradeCheck = 1230;
				TargetAttributes = {
					CD4DE5D12597737900E4ECF5 = {
						CreatedOnToolsVersion = 12.3;
					};
					CD4DE5E72597737D00E4ECF5 = {
						CreatedOnToolsVersion = 12.3;
						TestTargetID = CD4DE5D12597737900E4ECF5;
					};
					CD4DE5F22597737D00E4ECF5 = {
						CreatedOnToolsVersion = 12.3;
						TestTargetID = CD4DE5D12597737900E4ECF5;
					};
				};
			};
			buildConfigurationList = CD4DE5CD2597737900E4ECF5 /* Build configuration list for PBXProject "FloatButton" */;
			compatibilityVersion = "Xcode 9.3";
			developmentRegion = en;
			hasScannedForEncodings = 0;
			knownRegions = (
				en,
				Base,
			);
			mainGroup = CD4DE5C92597737900E4ECF5;
			productRefGroup = CD4DE5D32597737900E4ECF5 /* Products */;
			projectDirPath = "";
			projectRoot = "";
			targets = (
				CD4DE5D12597737900E4ECF5 /* FloatButton */,
				CD4DE5E72597737D00E4ECF5 /* FloatButtonTests */,
				CD4DE5F22597737D00E4ECF5 /* FloatButtonUITests */,
			);
		};
/* End PBXProject section */

/* Begin PBXResourcesBuildPhase section */
		CD4DE5D02597737900E4ECF5 /* Resources */ = {
			isa = PBXResourcesBuildPhase;
			buildActionMask = 2147483647;
			files = (
				CD4DE5E22597737C00E4ECF5 /* LaunchScreen.storyboard in Resources */,
				CD4DE5DF2597737C00E4ECF5 /* Assets.xcassets in Resources */,
				CD4DE5DD2597737900E4ECF5 /* Main.storyboard in Resources */,
			);
			runOnlyForDeploymentPostprocessing = 0;
		};
		CD4DE5E62597737D00E4ECF5 /* Resources */ = {
			isa = PBXResourcesBuildPhase;
			buildActionMask = 2147483647;
			files = (
			);
			runOnlyForDeploymentPostprocessing = 0;
		};
		CD4DE5F12597737D00E4ECF5 /* Resources */ = {
			isa = PBXResourcesBuildPhase;
			buildActionMask = 2147483647;
			files = (
			);
			runOnlyForDeploymentPostprocessing = 0;
		};
/* End PBXResourcesBuildPhase section */

/* Begin PBXSourcesBuildPhase section */
		CD4DE5CE2597737900E4ECF5 /* Sources */ = {
			isa = PBXSourcesBuildPhase;
			buildActionMask = 2147483647;
			files = (
				CD4DE5DA2597737900E4ECF5 /* ViewController.swift in Sources */,
				CD4DE644259838C600E4ECF5 /* Extensions.swift in Sources */,
				CD4DE5D62597737900E4ECF5 /* AppDelegate.swift in Sources */,
				CD4DE6272597932100E4ECF5 /* FloatingActionButtonExampleController.swift in Sources */,
				CD4DE5D82597737900E4ECF5 /* SceneDelegate.swift in Sources */,
				CD4DE63B259837CC00E4ECF5 /* FABCircleExpandExampleController.swift in Sources */,
			);
			runOnlyForDeploymentPostprocessing = 0;
		};
		CD4DE5E42597737D00E4ECF5 /* Sources */ = {
			isa = PBXSourcesBuildPhase;
			buildActionMask = 2147483647;
			files = (
				CD4DE5ED2597737D00E4ECF5 /* FloatButtonTests.swift in Sources */,
			);
			runOnlyForDeploymentPostprocessing = 0;
		};
		CD4DE5EF2597737D00E4ECF5 /* Sources */ = {
			isa = PBXSourcesBuildPhase;
			buildActionMask = 2147483647;
			files = (
				CD4DE5F82597737D00E4ECF5 /* FloatButtonUITests.swift in Sources */,
			);
			runOnlyForDeploymentPostprocessing = 0;
		};
/* End PBXSourcesBuildPhase section */

/* Begin PBXTargetDependency section */
		CD4DE5EA2597737D00E4ECF5 /* PBXTargetDependency */ = {
			isa = PBXTargetDependency;
			target = CD4DE5D12597737900E4ECF5 /* FloatButton */;
			targetProxy = CD4DE5E92597737D00E4ECF5 /* PBXContainerItemProxy */;
		};
		CD4DE5F52597737D00E4ECF5 /* PBXTargetDependency */ = {
			isa = PBXTargetDependency;
			target = CD4DE5D12597737900E4ECF5 /* FloatButton */;
			targetProxy = CD4DE5F42597737D00E4ECF5 /* PBXContainerItemProxy */;
		};
/* End PBXTargetDependency section */

/* Begin PBXVariantGroup section */
		CD4DE5DB2597737900E4ECF5 /* Main.storyboard */ = {
			isa = PBXVariantGroup;
			children = (
				CD4DE5DC2597737900E4ECF5 /* Base */,
			);
			name = Main.storyboard;
			sourceTree = "<group>";
		};
		CD4DE5E02597737C00E4ECF5 /* LaunchScreen.storyboard */ = {
			isa = PBXVariantGroup;
			children = (
				CD4DE5E12597737C00E4ECF5 /* Base */,
			);
			name = LaunchScreen.storyboard;
			sourceTree = "<group>";
		};
/* End PBXVariantGroup section */

/* Begin XCBuildConfiguration section */
		CD4DE5FA2597737D00E4ECF5 /* Debug */ = {
			isa = XCBuildConfiguration;
			buildSettings = {
				ALWAYS_SEARCH_USER_PATHS = NO;
				CLANG_ANALYZER_NONNULL = YES;
				CLANG_ANALYZER_NUMBER_OBJECT_CONVERSION = YES_AGGRESSIVE;
				CLANG_CXX_LANGUAGE_STANDARD = "gnu++14";
				CLANG_CXX_LIBRARY = "libc++";
				CLANG_ENABLE_MODULES = YES;
				CLANG_ENABLE_OBJC_ARC = YES;
				CLANG_ENABLE_OBJC_WEAK = YES;
				CLANG_WARN_BLOCK_CAPTURE_AUTORELEASING = YES;
				CLANG_WARN_BOOL_CONVERSION = YES;
				CLANG_WARN_COMMA = YES;
				CLANG_WARN_CONSTANT_CONVERSION = YES;
				CLANG_WARN_DEPRECATED_OBJC_IMPLEMENTATIONS = YES;
				CLANG_WARN_DIRECT_OBJC_ISA_USAGE = YES_ERROR;
				CLANG_WARN_DOCUMENTATION_COMMENTS = YES;
				CLANG_WARN_EMPTY_BODY = YES;
				CLANG_WARN_ENUM_CONVERSION = YES;
				CLANG_WARN_INFINITE_RECURSION = YES;
				CLANG_WARN_INT_CONVERSION = YES;
				CLANG_WARN_NON_LITERAL_NULL_CONVERSION = YES;
				CLANG_WARN_OBJC_IMPLICIT_RETAIN_SELF = YES;
				CLANG_WARN_OBJC_LITERAL_CONVERSION = YES;
				CLANG_WARN_OBJC_ROOT_CLASS = YES_ERROR;
				CLANG_WARN_QUOTED_INCLUDE_IN_FRAMEWORK_HEADER = YES;
				CLANG_WARN_RANGE_LOOP_ANALYSIS = YES;
				CLANG_WARN_STRICT_PROTOTYPES = YES;
				CLANG_WARN_SUSPICIOUS_MOVE = YES;
				CLANG_WARN_UNGUARDED_AVAILABILITY = YES_AGGRESSIVE;
				CLANG_WARN_UNREACHABLE_CODE = YES;
				CLANG_WARN__DUPLICATE_METHOD_MATCH = YES;
				COPY_PHASE_STRIP = NO;
				DEBUG_INFORMATION_FORMAT = dwarf;
				ENABLE_STRICT_OBJC_MSGSEND = YES;
				ENABLE_TESTABILITY = YES;
				GCC_C_LANGUAGE_STANDARD = gnu11;
				GCC_DYNAMIC_NO_PIC = NO;
				GCC_NO_COMMON_BLOCKS = YES;
				GCC_OPTIMIZATION_LEVEL = 0;
				GCC_PREPROCESSOR_DEFINITIONS = (
					"DEBUG=1",
					"$(inherited)",
				);
				GCC_WARN_64_TO_32_BIT_CONVERSION = YES;
				GCC_WARN_ABOUT_RETURN_TYPE = YES_ERROR;
				GCC_WARN_UNDECLARED_SELECTOR = YES;
				GCC_WARN_UNINITIALIZED_AUTOS = YES_AGGRESSIVE;
				GCC_WARN_UNUSED_FUNCTION = YES;
				GCC_WARN_UNUSED_VARIABLE = YES;
				IPHONEOS_DEPLOYMENT_TARGET = 13.6;
				MTL_ENABLE_DEBUG_INFO = INCLUDE_SOURCE;
				MTL_FAST_MATH = YES;
				ONLY_ACTIVE_ARCH = YES;
				SDKROOT = iphoneos;
				SWIFT_ACTIVE_COMPILATION_CONDITIONS = DEBUG;
				SWIFT_OPTIMIZATION_LEVEL = "-Onone";
			};
			name = Debug;
		};
		CD4DE5FB2597737D00E4ECF5 /* Release */ = {
			isa = XCBuildConfiguration;
			buildSettings = {
				ALWAYS_SEARCH_USER_PATHS = NO;
				CLANG_ANALYZER_NONNULL = YES;
				CLANG_ANALYZER_NUMBER_OBJECT_CONVERSION = YES_AGGRESSIVE;
				CLANG_CXX_LANGUAGE_STANDARD = "gnu++14";
				CLANG_CXX_LIBRARY = "libc++";
				CLANG_ENABLE_MODULES = YES;
				CLANG_ENABLE_OBJC_ARC = YES;
				CLANG_ENABLE_OBJC_WEAK = YES;
				CLANG_WARN_BLOCK_CAPTURE_AUTORELEASING = YES;
				CLANG_WARN_BOOL_CONVERSION = YES;
				CLANG_WARN_COMMA = YES;
				CLANG_WARN_CONSTANT_CONVERSION = YES;
				CLANG_WARN_DEPRECATED_OBJC_IMPLEMENTATIONS = YES;
				CLANG_WARN_DIRECT_OBJC_ISA_USAGE = YES_ERROR;
				CLANG_WARN_DOCUMENTATION_COMMENTS = YES;
				CLANG_WARN_EMPTY_BODY = YES;
				CLANG_WARN_ENUM_CONVERSION = YES;
				CLANG_WARN_INFINITE_RECURSION = YES;
				CLANG_WARN_INT_CONVERSION = YES;
				CLANG_WARN_NON_LITERAL_NULL_CONVERSION = YES;
				CLANG_WARN_OBJC_IMPLICIT_RETAIN_SELF = YES;
				CLANG_WARN_OBJC_LITERAL_CONVERSION = YES;
				CLANG_WARN_OBJC_ROOT_CLASS = YES_ERROR;
				CLANG_WARN_QUOTED_INCLUDE_IN_FRAMEWORK_HEADER = YES;
				CLANG_WARN_RANGE_LOOP_ANALYSIS = YES;
				CLANG_WARN_STRICT_PROTOTYPES = YES;
				CLANG_WARN_SUSPICIOUS_MOVE = YES;
				CLANG_WARN_UNGUARDED_AVAILABILITY = YES_AGGRESSIVE;
				CLANG_WARN_UNREACHABLE_CODE = YES;
				CLANG_WARN__DUPLICATE_METHOD_MATCH = YES;
				COPY_PHASE_STRIP = NO;
				DEBUG_INFORMATION_FORMAT = "dwarf-with-dsym";
				ENABLE_NS_ASSERTIONS = NO;
				ENABLE_STRICT_OBJC_MSGSEND = YES;
				GCC_C_LANGUAGE_STANDARD = gnu11;
				GCC_NO_COMMON_BLOCKS = YES;
				GCC_WARN_64_TO_32_BIT_CONVERSION = YES;
				GCC_WARN_ABOUT_RETURN_TYPE = YES_ERROR;
				GCC_WARN_UNDECLARED_SELECTOR = YES;
				GCC_WARN_UNINITIALIZED_AUTOS = YES_AGGRESSIVE;
				GCC_WARN_UNUSED_FUNCTION = YES;
				GCC_WARN_UNUSED_VARIABLE = YES;
				IPHONEOS_DEPLOYMENT_TARGET = 13.6;
				MTL_ENABLE_DEBUG_INFO = NO;
				MTL_FAST_MATH = YES;
				SDKROOT = iphoneos;
				SWIFT_COMPILATION_MODE = wholemodule;
				SWIFT_OPTIMIZATION_LEVEL = "-O";
				VALIDATE_PRODUCT = YES;
			};
			name = Release;
		};
		CD4DE5FD2597737D00E4ECF5 /* Debug */ = {
			isa = XCBuildConfiguration;
			buildSettings = {
				ASSETCATALOG_COMPILER_APPICON_NAME = AppIcon;
				ASSETCATALOG_COMPILER_GLOBAL_ACCENT_COLOR_NAME = AccentColor;
				CODE_SIGN_STYLE = Automatic;
				DEVELOPMENT_TEAM = PL3G4Y7T9D;
				INFOPLIST_FILE = FloatButton/Info.plist;
				LD_RUNPATH_SEARCH_PATHS = (
					"$(inherited)",
					"@executable_path/Frameworks",
				);
				PRODUCT_BUNDLE_IDENTIFIER = com.darrylweimers.FloatButton;
				PRODUCT_NAME = "$(TARGET_NAME)";
				SWIFT_VERSION = 5.0;
				TARGETED_DEVICE_FAMILY = "1,2";
			};
			name = Debug;
		};
		CD4DE5FE2597737D00E4ECF5 /* Release */ = {
			isa = XCBuildConfiguration;
			buildSettings = {
				ASSETCATALOG_COMPILER_APPICON_NAME = AppIcon;
				ASSETCATALOG_COMPILER_GLOBAL_ACCENT_COLOR_NAME = AccentColor;
				CODE_SIGN_STYLE = Automatic;
				DEVELOPMENT_TEAM = PL3G4Y7T9D;
				INFOPLIST_FILE = FloatButton/Info.plist;
				LD_RUNPATH_SEARCH_PATHS = (
					"$(inherited)",
					"@executable_path/Frameworks",
				);
				PRODUCT_BUNDLE_IDENTIFIER = com.darrylweimers.FloatButton;
				PRODUCT_NAME = "$(TARGET_NAME)";
				SWIFT_VERSION = 5.0;
				TARGETED_DEVICE_FAMILY = "1,2";
			};
			name = Release;
		};
		CD4DE6002597737D00E4ECF5 /* Debug */ = {
			isa = XCBuildConfiguration;
			buildSettings = {
				ALWAYS_EMBED_SWIFT_STANDARD_LIBRARIES = YES;
				BUNDLE_LOADER = "$(TEST_HOST)";
				CODE_SIGN_STYLE = Automatic;
				DEVELOPMENT_TEAM = PL3G4Y7T9D;
				INFOPLIST_FILE = FloatButtonTests/Info.plist;
				IPHONEOS_DEPLOYMENT_TARGET = 14.3;
				LD_RUNPATH_SEARCH_PATHS = (
					"$(inherited)",
					"@executable_path/Frameworks",
					"@loader_path/Frameworks",
				);
				PRODUCT_BUNDLE_IDENTIFIER = com.darrylweimers.FloatButtonTests;
				PRODUCT_NAME = "$(TARGET_NAME)";
				SWIFT_VERSION = 5.0;
				TARGETED_DEVICE_FAMILY = "1,2";
				TEST_HOST = "$(BUILT_PRODUCTS_DIR)/FloatButton.app/FloatButton";
			};
			name = Debug;
		};
		CD4DE6012597737D00E4ECF5 /* Release */ = {
			isa = XCBuildConfiguration;
			buildSettings = {
				ALWAYS_EMBED_SWIFT_STANDARD_LIBRARIES = YES;
				BUNDLE_LOADER = "$(TEST_HOST)";
				CODE_SIGN_STYLE = Automatic;
				DEVELOPMENT_TEAM = PL3G4Y7T9D;
				INFOPLIST_FILE = FloatButtonTests/Info.plist;
				IPHONEOS_DEPLOYMENT_TARGET = 14.3;
				LD_RUNPATH_SEARCH_PATHS = (
					"$(inherited)",
					"@executable_path/Frameworks",
					"@loader_path/Frameworks",
				);
				PRODUCT_BUNDLE_IDENTIFIER = com.darrylweimers.FloatButtonTests;
				PRODUCT_NAME = "$(TARGET_NAME)";
				SWIFT_VERSION = 5.0;
				TARGETED_DEVICE_FAMILY = "1,2";
				TEST_HOST = "$(BUILT_PRODUCTS_DIR)/FloatButton.app/FloatButton";
			};
			name = Release;
		};
		CD4DE6032597737D00E4ECF5 /* Debug */ = {
			isa = XCBuildConfiguration;
			buildSettings = {
				ALWAYS_EMBED_SWIFT_STANDARD_LIBRARIES = YES;
				CODE_SIGN_STYLE = Automatic;
				DEVELOPMENT_TEAM = PL3G4Y7T9D;
				INFOPLIST_FILE = FloatButtonUITests/Info.plist;
				LD_RUNPATH_SEARCH_PATHS = (
					"$(inherited)",
					"@executable_path/Frameworks",
					"@loader_path/Frameworks",
				);
				PRODUCT_BUNDLE_IDENTIFIER = com.darrylweimers.FloatButtonUITests;
				PRODUCT_NAME = "$(TARGET_NAME)";
				SWIFT_VERSION = 5.0;
				TARGETED_DEVICE_FAMILY = "1,2";
				TEST_TARGET_NAME = FloatButton;
			};
			name = Debug;
		};
		CD4DE6042597737D00E4ECF5 /* Release */ = {
			isa = XCBuildConfiguration;
			buildSettings = {
				ALWAYS_EMBED_SWIFT_STANDARD_LIBRARIES = YES;
				CODE_SIGN_STYLE = Automatic;
				DEVELOPMENT_TEAM = PL3G4Y7T9D;
				INFOPLIST_FILE = FloatButtonUITests/Info.plist;
				LD_RUNPATH_SEARCH_PATHS = (
					"$(inherited)",
					"@executable_path/Frameworks",
					"@loader_path/Frameworks",
				);
				PRODUCT_BUNDLE_IDENTIFIER = com.darrylweimers.FloatButtonUITests;
				PRODUCT_NAME = "$(TARGET_NAME)";
				SWIFT_VERSION = 5.0;
				TARGETED_DEVICE_FAMILY = "1,2";
				TEST_TARGET_NAME = FloatButton;
			};
			name = Release;
		};
/* End XCBuildConfiguration section */

/* Begin XCConfigurationList section */
		CD4DE5CD2597737900E4ECF5 /* Build configuration list for PBXProject "FloatButton" */ = {
			isa = XCConfigurationList;
			buildConfigurations = (
				CD4DE5FA2597737D00E4ECF5 /* Debug */,
				CD4DE5FB2597737D00E4ECF5 /* Release */,
			);
			defaultConfigurationIsVisible = 0;
			defaultConfigurationName = Release;
		};
		CD4DE5FC2597737D00E4ECF5 /* Build configuration list for PBXNativeTarget "FloatButton" */ = {
			isa = XCConfigurationList;
			buildConfigurations = (
				CD4DE5FD2597737D00E4ECF5 /* Debug */,
				CD4DE5FE2597737D00E4ECF5 /* Release */,
			);
			defaultConfigurationIsVisible = 0;
			defaultConfigurationName = Release;
		};
		CD4DE5FF2597737D00E4ECF5 /* Build configuration list for PBXNativeTarget "FloatButtonTests" */ = {
			isa = XCConfigurationList;
			buildConfigurations = (
				CD4DE6002597737D00E4ECF5 /* Debug */,
				CD4DE6012597737D00E4ECF5 /* Release */,
			);
			defaultConfigurationIsVisible = 0;
			defaultConfigurationName = Release;
		};
		CD4DE6022597737D00E4ECF5 /* Build configuration list for PBXNativeTarget "FloatButtonUITests" */ = {
			isa = XCConfigurationList;
			buildConfigurations = (
				CD4DE6032597737D00E4ECF5 /* Debug */,
				CD4DE6042597737D00E4ECF5 /* Release */,
			);
			defaultConfigurationIsVisible = 0;
			defaultConfigurationName = Release;
		};
/* End XCConfigurationList section */
	};
	rootObject = CD4DE5CA2597737900E4ECF5 /* Project object */;
}
